
Microsoft Visual Studio Solution File, Format Version 12.00
# Visual Studio Version 17
VisualStudioVersion = 17.14.37710.0 d17.14
MinimumVisualStudioVersion = 10.0.40219.1
Project("{FAE04EC0-301F-11D3-BF4B-00C04F79EFBC}") = "Home_assignment_ca242", "Home_assignment_ca242\Home_assignment_ca242.csproj", "{E0623002-C94D-49BA-ABA7-88EF671B6731}"
EndProject
Global
	GlobalSection(SolutionConfigurationPlatforms) = preSolution
		Debug|Any CPU = Debug|Any CPU
		Release|Any CPU = Release|Any CPU
	EndGlobalSection
	GlobalSection(ProjectConfigurationPlatforms) = postSolution
		{E0623002-C94D-49BA-ABA7-88EF671B6731}.Debug|Any CPU.ActiveCfg = Debug|Any CPU
		{E0623002-C94D-49BA-ABA7-88EF671B6731}.Debug|Any CPU.Build.0 = Debug|Any CPU
		{E0623002-C94D-49BA-ABA7-88EF671B6731}.Release|Any CPU.ActiveCfg = Release|Any CPU
		{E0623002-C94D-49BA-ABA7-88EF671B6731}.Release|Any CPU.Build.0 = Release|Any CPU
	EndGlobalSection
	GlobalSection(SolutionProperties) = preSolution
		HideSolutionNode = FALSE
	EndGlobalSection
	GlobalSection(ExtensibilityGlobals) = postSolution
		SolutionGuid = {6B421CE1-4151-4F9F-BEB1-4153442F4D19}
	EndGlobalSection
EndGlobal
